<?xml version="1.0" encoding="utf-8"?>
<Project ToolsVersion="4.0" xmlns="http://schemas.microsoft.com/developer/msbuild/2003">
  <ItemGroup>
    <Filter Include="소스 파일">
      <UniqueIdentifier>{4FC737F1-C7A5-4376-A066-2A32D752A2FF}</UniqueIdentifier>
      <Extensions>cpp;c;cc;cxx;c++;cppm;ixx;def;odl;idl;hpj;bat;asm;asmx</Extensions>
    </Filter>
    <Filter Include="헤더 파일">
      <UniqueIdentifier>{93995380-89BD-4b04-88EB-625FBE52EBFB}</UniqueIdentifier>
      <Extensions>h;hh;hpp;hxx;h++;hm;inl;inc;ipp;xsd</Extensions>
    </Filter>
    <Filter Include="리소스 파일">
      <UniqueIdentifier>{67DA6AB6-F800-4c08-8B7A-83BB121AAD01}</UniqueIdentifier>
      <Extensions>rc;ico;cur;bmp;dlg;rc2;rct;bin;rgs;gif;jpg;jpeg;jpe;resx;tiff;tif;png;wav;mfcribbon-ms</Extensions>
    </Filter>
    <Filter Include="2DGameFramework">
      <UniqueIdentifier>{ba8bdc39-9067-4828-96e3-719f61c33d30}</UniqueIdentifier>
    </Filter>
    <Filter Include="playGround">
      <UniqueIdentifier>{34b095ee-d64d-489f-b16a-13a487a2785c}</UniqueIdentifier>
    </Filter>
    <Filter Include="2DGameFramework\SingletonBase">
      <UniqueIdentifier>{cac2ab34-4d73-46ea-97f2-7d9acc367059}</UniqueIdentifier>
    </Filter>
    <Filter Include="2DGameFramework\Manager">
      <UniqueIdentifier>{2a6d731d-abd3-4944-95be-8cca4c6a010a}</UniqueIdentifier>
    </Filter>
    <Filter Include="2DGameFramework\image">
      <UniqueIdentifier>{b1bf7eed-19fc-41b5-8812-017dc3aa3896}</UniqueIdentifier>
    </Filter>
    <Filter Include="2DGameFramework\utils">
      <UniqueIdentifier>{38b0b000-a241-4986-a7ac-bd45100cda07}</UniqueIdentifier>
    </Filter>
    <Filter Include="2DGameFramework\progressBar">
      <UniqueIdentifier>{b9f057d8-882b-4b92-a04b-a67d9e2170c4}</UniqueIdentifier>
    </Filter>
    <Filter Include="2DGameFramework\txtData">
      <UniqueIdentifier>{93a2e62b-e640-4955-8bea-f3477230fca7}</UniqueIdentifier>
    </Filter>
    <Filter Include="2DGameFramework\timer">
      <UniqueIdentifier>{0e16c126-51df-40da-8408-1868e05c734e}</UniqueIdentifier>
    </Filter>
    <Filter Include="2DGameFramework\animation">
      <UniqueIdentifier>{fb282897-0ee8-4aa2-97b7-4d5ac8dfbfd2}</UniqueIdentifier>
    </Filter>
    <Filter Include="2DGameFramework\effect">
      <UniqueIdentifier>{107425da-d258-4b46-bbed-bc80d6d5c5c9}</UniqueIdentifier>
    </Filter>
    <Filter Include="playGround\Scene">
      <UniqueIdentifier>{d666c62a-c750-4388-9340-9fd01253ca54}</UniqueIdentifier>
    </Filter>
    <Filter Include="playGround\object">
      <UniqueIdentifier>{d9d9b85e-030a-442e-813f-1488b9997ff6}</UniqueIdentifier>
    </Filter>
    <Filter Include="playGround\object\party">
      <UniqueIdentifier>{2741c1f9-90a4-47ed-9eb2-dc3d6c5b56db}</UniqueIdentifier>
    </Filter>
  </ItemGroup>
  <ItemGroup>
    <ClInclude Include="targetver.h">
      <Filter>헤더 파일</Filter>
    </ClInclude>
    <ClInclude Include="Resource.h">
      <Filter>헤더 파일</Filter>
    </ClInclude>
    <ClInclude Include="pch.h">
      <Filter>헤더 파일</Filter>
    </ClInclude>
    <ClInclude Include="commonMacroFunction.h">
      <Filter>헤더 파일</Filter>
    </ClInclude>
    <ClInclude Include="gameNode.h">
      <Filter>2DGameFramework</Filter>
    </ClInclude>
    <ClInclude Include="playGround.h">
      <Filter>playGround</Filter>
    </ClInclude>
    <ClInclude Include="singletonBase.h">
      <Filter>2DGameFramework\SingletonBase</Filter>
    </ClInclude>
    <ClInclude Include="randomFunction.h">
      <Filter>헤더 파일</Filter>
    </ClInclude>
    <ClInclude Include="keyManager.h">
      <Filter>2DGameFramework\Manager</Filter>
    </ClInclude>
    <ClInclude Include="image.h">
      <Filter>2DGameFramework\image</Filter>
    </ClInclude>
    <ClInclude Include="utils.h">
      <Filter>2DGameFramework\utils</Filter>
    </ClInclude>
    <ClInclude Include="imageManager.h">
      <Filter>2DGameFramework\Manager</Filter>
    </ClInclude>
    <ClInclude Include="progressBar.h">
      <Filter>2DGameFramework\progressBar</Filter>
    </ClInclude>
    <ClInclude Include="txtData.h">
      <Filter>2DGameFramework\txtData</Filter>
    </ClInclude>
    <ClInclude Include="timer.h">
      <Filter>2DGameFramework\timer</Filter>
    </ClInclude>
    <ClInclude Include="timeManager.h">
      <Filter>2DGameFramework\Manager</Filter>
    </ClInclude>
    <ClInclude Include="animation.h">
      <Filter>2DGameFramework\animation</Filter>
    </ClInclude>
    <ClInclude Include="effect.h">
      <Filter>2DGameFramework\effect</Filter>
    </ClInclude>
    <ClInclude Include="effectManager.h">
      <Filter>2DGameFramework\Manager</Filter>
    </ClInclude>
    <ClInclude Include="sceneManager.h">
      <Filter>2DGameFramework\Manager</Filter>
    </ClInclude>
    <ClInclude Include="RagnaRuin.h">
      <Filter>playGround\Scene</Filter>
    </ClInclude>
    <ClInclude Include="ragnaRuinCore.h">
      <Filter>playGround\Scene</Filter>
    </ClInclude>
    <ClInclude Include="battleScene.h">
      <Filter>playGround\Scene</Filter>
    </ClInclude>
    <ClInclude Include="enemyManager.h">
      <Filter>playGround</Filter>
    </ClInclude>
    <ClInclude Include="player.h">
      <Filter>playGround\object</Filter>
    </ClInclude>
    <ClInclude Include="gameData.h">
      <Filter>playGround</Filter>
    </ClInclude>
    <ClInclude Include="gameoverScene.h">
      <Filter>playGround\Scene</Filter>
    </ClInclude>
    <ClInclude Include="kyle.h">
      <Filter>playGround\object\party</Filter>
    </ClInclude>
    <ClInclude Include="liara.h">
      <Filter>playGround\object\party</Filter>
    </ClInclude>
    <ClInclude Include="title.h">
      <Filter>playGround\Scene</Filter>
    </ClInclude>
  </ItemGroup>
  <ItemGroup>
    <ClCompile Include="WindowsAPI.cpp">
      <Filter>소스 파일</Filter>
    </ClCompile>
    <ClCompile Include="pch.cpp">
      <Filter>소스 파일</Filter>
    </ClCompile>
    <ClCompile Include="gameNode.cpp">
      <Filter>2DGameFramework</Filter>
    </ClCompile>
    <ClCompile Include="playGround.cpp">
      <Filter>playGround</Filter>
    </ClCompile>
    <ClCompile Include="keyManager.cpp">
      <Filter>2DGameFramework\Manager</Filter>
    </ClCompile>
    <ClCompile Include="image.cpp">
      <Filter>2DGameFramework\image</Filter>
    </ClCompile>
    <ClCompile Include="utils.cpp">
      <Filter>2DGameFramework\utils</Filter>
    </ClCompile>
    <ClCompile Include="imageManager.cpp">
      <Filter>2DGameFramework\Manager</Filter>
    </ClCompile>
    <ClCompile Include="progressBar.cpp">
      <Filter>2DGameFramework\progressBar</Filter>
    </ClCompile>
    <ClCompile Include="txtData.cpp">
      <Filter>2DGameFramework\txtData</Filter>
    </ClCompile>
    <ClCompile Include="timer.cpp">
      <Filter>2DGameFramework\timer</Filter>
    </ClCompile>
    <ClCompile Include="timeManager.cpp">
      <Filter>2DGameFramework\Manager</Filter>
    </ClCompile>
    <ClCompile Include="animation.cpp">
      <Filter>2DGameFramework\animation</Filter>
    </ClCompile>
    <ClCompile Include="effect.cpp">
      <Filter>2DGameFramework\effect</Filter>
    </ClCompile>
    <ClCompile Include="effectManager.cpp">
      <Filter>2DGameFramework\Manager</Filter>
    </ClCompile>
    <ClCompile Include="sceneManager.cpp">
      <Filter>2DGameFramework\Manager</Filter>
    </ClCompile>
    <ClCompile Include="RagnaRuin.cpp">
      <Filter>playGround\Scene</Filter>
    </ClCompile>
    <ClCompile Include="ragnaRuinCore.cpp">
      <Filter>playGround\Scene</Filter>
    </ClCompile>
    <ClCompile Include="battleScene.cpp">
      <Filter>playGround\Scene</Filter>
    </ClCompile>
    <ClCompile Include="enemyManager.cpp">
      <Filter>playGround</Filter>
    </ClCompile>
    <ClCompile Include="player.cpp">
      <Filter>playGround\object</Filter>
    </ClCompile>
    <ClCompile Include="gameoverScene.cpp">
      <Filter>playGround\Scene</Filter>
    </ClCompile>
    <ClCompile Include="kyle.cpp">
      <Filter>playGround\object\party</Filter>
    </ClCompile>
    <ClCompile Include="liara.cpp">
      <Filter>playGround\object\party</Filter>
    </ClCompile>
    <ClCompile Include="title.cpp">
      <Filter>playGround\Scene</Filter>
    </ClCompile>
  </ItemGroup>
  <ItemGroup>
    <Image Include="small.ico">
      <Filter>리소스 파일</Filter>
    </Image>
    <Image Include="WindowsAPI.ico">
      <Filter>리소스 파일</Filter>
    </Image>
  </ItemGroup>
  <ItemGroup>
    <ResourceCompile Include="WindowsAPI.rc">
      <Filter>소스 파일</Filter>
    </ResourceCompile>
  </ItemGroup>
</Project>